
Microsoft Visual Studio Solution File, Format Version 12.00
# Visual Studio Version 17
VisualStudioVersion = 17.8.34525.116
MinimumVisualStudioVersion = 10.0.40219.1
Project("{FAE04EC0-301F-11D3-BF4B-00C04F79EFBC}") = "Task3_Class_Hierarrchy_And_Inheritance", "Task3_Class_Hierarrchy_And_Inheritance\Task3_Class_Hierarrchy_And_Inheritance.csproj", "{BC7171F6-D106-4FA8-92EB-58D9CED2A3A0}"
EndProject
Global
	GlobalSection(SolutionConfigurationPlatforms) = preSolution
		Debug|Any CPU = Debug|Any CPU
		Release|Any CPU = Release|Any CPU
	EndGlobalSection
	GlobalSection(ProjectConfigurationPlatforms) = postSolution
		{BC7171F6-D106-4FA8-92EB-58D9CED2A3A0}.Debug|Any CPU.ActiveCfg = Debug|Any CPU
		{BC7171F6-D106-4FA8-92EB-58D9CED2A3A0}.Debug|Any CPU.Build.0 = Debug|Any CPU
		{BC7171F6-D106-4FA8-92EB-58D9CED2A3A0}.Release|Any CPU.ActiveCfg = Release|Any CPU
		{BC7171F6-D106-4FA8-92EB-58D9CED2A3A0}.Release|Any CPU.Build.0 = Release|Any CPU
	EndGlobalSection
	GlobalSection(SolutionProperties) = preSolution
		HideSolutionNode = FALSE
	EndGlobalSection
	GlobalSection(ExtensibilityGlobals) = postSolution
		SolutionGuid = {541B9C07-7144-4953-B1C1-D2A89AE187DB}
	EndGlobalSection
EndGlobal
